github.com/chzyer/logex v1.2.1/go.mod h1:JLbx6lG2kDbNRFnfkgvh4eRJRPX1QCoOIWomwysCBrQ=
github.com/chzyer/readline v1.5.1 h1:upd/6fQk4src78LMRzh5vItIt361/o4uq553V8B5sGI=
github.com/chzyer/readline v1.5.1/go.mod h1:Eh+b79XXUwfKfcPLepksvw2tcLE/Ct21YObkaSkeBlk=
github.com/chzyer/test v1.0.0/go.mod h1:2JlltgoNkt4TW/z9V/IzDdFaMTM2JPIi26O1pF38GC8=
github.com/windlant/protocol v0.0.0-20260212021342-7a1d25f1f80e h1:IR0RH0f8//DNRSuOM8wyMyxrdg3/hBpA1ssLdiPoBhE=
github.com/windlant/protocol v0.0.0-20260212021342-7a1d25f1f80e/go.mod h1:NpNvSpaobHP/F0iNft7H/69CVXoQ9PoU6/gf32xQKCA=
github.com/windlant/protocol v1.2.0 h1:4VqI1kLkzf5/f18LhWu5av7alyX/WGuTdRWnPmdKfIk=
github.com/windlant/protocol v1.2.0/go.mod h1:NpNvSpaobHP/F0iNft7H/69CVXoQ9PoU6/gf32xQKCA=
github.com/windlant/protocol v1.2.1 h1:Uclpjm2hMjYcA7yLU8pBoHauXw84vbhouhBd6GVdRF8=
github.com/windlant/protocol v1.2.1/go.mod h1:NpNvSpaobHP/F0iNft7H/69CVXoQ9PoU6/gf32xQKCA=
github.com/windlant/protocol v1.2.2 h1:yWRJvTwAdatKFdnXGKM92brOnVQiaKjzQO5s/IsXsuA=
github.com/windlant/protocol v1.2.2/go.mod h1:NpNvSpaobHP/F0iNft7H/69CVXoQ9PoU6/gf32xQKCA=
github.com/windlant/protocol v1.2.3 h1:glyyTiK+n0N2+QmFOGbXU/uBh1Wzxbim+jZN0G0Azo4=
github.com/windlant/protocol v1.2.3/go.mod h1:NpNvSpaobHP/F0iNft7H/69CVXoQ9PoU6/gf32xQKCA=
github.com/windlant/protocol v1.2.4 h1:JtkCpnP+FMENqENX9gbO0Jodyv15m4SoDnB8TIKvY/0=
github.com/windlant/protocol v1.2.4/go.mod h1:NpNvSpaobHP/F0iNft7H/69CVXoQ9PoU6/gf32xQKCA=
github.com/windlant/protocol v1.2.7 h1:Ac6C7n/BNyPbm2K8W+QNVuWgLqVFnNmAAz7fHVokJVY=
github.com/windlant/protocol v1.2.7/go.mod h1:NpNvSpaobHP/F0iNft7H/69CVXoQ9PoU6/gf32xQKCA=
github.com/windlant/protocol v1.2.8 h1:hy+pu/EB9LN/6ts2YEl33v1I0YX70wTQsCYMWkxZu60=
github.com/windlant/protocol v1.2.8/go.mod h1:NpNvSpaobHP/F0iNft7H/69CVXoQ9PoU6/gf32xQKCA=
golang.org/x/sys v0.0.0-20220310020820-b874c991c1a5 h1:y/woIyUBFbpQGKS0u1aHF/40WUDnek3fPOyD08H5Vng=
golang.org/x/sys v0.0.0-20220310020820-b874c991c1a5/go.mod h1:oPkhp1MJrh7nUepCBck5+mAzfO9JrbApNNgaTdGDITg=
gopkg.in/check.v1 v0.0.0-20161208181325-20d25e280405/go.mod h1:Co6ibVJAznAaIkqp8huTwlJQCZ016jof/cbN4VW5Yz0=
gopkg.in/yaml.v3 v3.0.1 h1:fxVm/GzAzEWqLHuvctI91KS9hhNmmWOoWu0XTYJS7CA=
gopkg.in/yaml.v3 v3.0.1/go.mod h1:K4uyk7z7BCEPqu6E+C64Yfv1cQ7kz7rIZviUmN+EgEM=
